
Microsoft Visual Studio Solution File, Format Version 12.00
# Visual Studio 15
VisualStudioVersion = 15.0.28307.1433
MinimumVisualStudioVersion = 10.0.40219.1
Project("{FAE04EC0-301F-11D3-BF4B-00C04F79EFBC}") = "MvcCv", "MvcCv\MvcCv.csproj", "{F9333A1B-C457-4D59-B966-B1A696AF3A79}"
EndProject
Global
	GlobalSection(SolutionConfigurationPlatforms) = preSolution
		Debug|Any CPU = Debug|Any CPU
		Release|Any CPU = Release|Any CPU
	EndGlobalSection
	GlobalSection(ProjectConfigurationPlatforms) = postSolution
		{F9333A1B-C457-4D59-B966-B1A696AF3A79}.Debug|Any CPU.ActiveCfg = Debug|Any CPU
		{F9333A1B-C457-4D59-B966-B1A696AF3A79}.Debug|Any CPU.Build.0 = Debug|Any CPU
		{F9333A1B-C457-4D59-B966-B1A696AF3A79}.Release|Any CPU.ActiveCfg = Release|Any CPU
		{F9333A1B-C457-4D59-B966-B1A696AF3A79}.Release|Any CPU.Build.0 = Release|Any CPU
	EndGlobalSection
	GlobalSection(SolutionProperties) = preSolution
		HideSolutionNode = FALSE
	EndGlobalSection
	GlobalSection(ExtensibilityGlobals) = postSolution
		SolutionGuid = {6A060517-36D4-4A19-BD6F-99504F24984C}
	EndGlobalSection
EndGlobal
